{
  "requires": true,
  "lockfileVersion": 1,
  "dependencies": {
    "body-scroll-lock": {
      "version": "2.5.10",
      "resolved": "https://registry.npmjs.org/body-scroll-lock/-/body-scroll-lock-2.5.10.tgz",
      "integrity": "sha512-yuVO3LEyIB1D+nzocCJGJcSV43tPD74Ma74use7wckajJsCeTvLvC1zy2rpjOWBc45uSzmrUSREoSPLUTPPG/Q=="
    },
    "dayjs": {
      "version": "1.7.7",
      "resolved": "https://registry.npmjs.org/dayjs/-/dayjs-1.7.7.tgz",
      "integrity": "sha512-Qlkiu0NNDpYwhk0syK4ImvAl/5YnsEMkvC2O123INviGeOA3Q8s5VyVkZzmN5SC7Wv9bb1+rfwO+uSqtHB4UWw=="
    },
    "keycode": {
      "version": "2.2.0",
      "resolved": "https://registry.npmjs.org/keycode/-/keycode-2.2.0.tgz",
      "integrity": "sha1-PQr1bce4uOXLqNCpfxByBO7CKwQ="
    },
    "muse-ui": {
      "version": "3.0.1",
      "resolved": "https://registry.npmjs.org/muse-ui/-/muse-ui-3.0.1.tgz",
      "integrity": "sha512-q1G6PbdndD/EaYH7gPodFQ4PYtQ0Ls+pL16kGj4sjjWonvYT2SMg7gFf73OziQS7plqmdH+qiIhR1YMZbjAMDA==",
      "requires": {
        "body-scroll-lock": "^2.5.7",
        "dayjs": "^1.6.5",
        "keycode": "^2.1.9",
        "normalize-wheel": "^1.0.1",
        "resize-observer-polyfill": "^1.5.0"
      }
    },
    "normalize-wheel": {
      "version": "1.0.1",
      "resolved": "https://registry.npmjs.org/normalize-wheel/-/normalize-wheel-1.0.1.tgz",
      "integrity": "sha1-rsiGr/2wRQcNhWRH32Ls+GFG7EU="
    },
    "resize-observer-polyfill": {
      "version": "1.5.0",
      "resolved": "https://registry.npmjs.org/resize-observer-polyfill/-/resize-observer-polyfill-1.5.0.tgz",
      "integrity": "sha512-M2AelyJDVR/oLnToJLtuDJRBBWUGUvvGigj1411hXhAdyFWqMaqHp7TixW3FpiLuVaikIcR1QL+zqoJoZlOgpg=="
    },
    "vue-ydui": {
      "version": "1.2.6",
      "resolved": "https://registry.npmjs.org/vue-ydui/-/vue-ydui-1.2.6.tgz",
      "integrity": "sha512-4zEcyvGj9OWK1bbCepQK5cuJclN0T/GkoKO58mQuGUeKH5bES/WDaBkonw4TVwZcvxlFKMz9MLwaQEJUzcJwIg=="
    }
  }
}
